{
  "name": "@oni/interface",
  "version": "1.0.0",
  "lockfileVersion": 3,
  "requires": true,
  "packages": {
    "": {
      "name": "@oni/interface",
      "version": "1.0.0",
      "dependencies": {
        "ts-runtime-checks": "^0.6.3"
      }
    },
    "node_modules/ts-runtime-checks": {
      "version": "0.6.3",
      "resolved": "https://registry.npmmirror.com/ts-runtime-checks/-/ts-runtime-checks-0.6.3.tgz",
      "integrity": "sha512-9rL0VjkII8/hD60wQSCVPaBHOX+S0DVesXK1+eAD5rPX9PSsVebZjWEyBysrNtR3XGuAgA0fyn8OhNjrNMmN5g==",
      "license": "MIT"
    }
  }
}
